
Microsoft Visual Studio Solution File, Format Version 12.00
# Visual Studio 15
VisualStudioVersion = 15.0.27428.2037
MinimumVisualStudioVersion = 10.0.40219.1
Project("{888888A0-9F3D-457C-B088-3A5042F75D52}") = "ML2018_410321131_HW2", "ML2018_410321131_HW2\ML2018_410321131_HW2.pyproj", "{000C3819-1F32-48D6-8CC7-1B16A28443F5}"
EndProject
Global
	GlobalSection(SolutionConfigurationPlatforms) = preSolution
		Debug|Any CPU = Debug|Any CPU
		Release|Any CPU = Release|Any CPU
	EndGlobalSection
	GlobalSection(ProjectConfigurationPlatforms) = postSolution
		{000C3819-1F32-48D6-8CC7-1B16A28443F5}.Debug|Any CPU.ActiveCfg = Debug|Any CPU
		{000C3819-1F32-48D6-8CC7-1B16A28443F5}.Release|Any CPU.ActiveCfg = Release|Any CPU
	EndGlobalSection
	GlobalSection(SolutionProperties) = preSolution
		HideSolutionNode = FALSE
	EndGlobalSection
	GlobalSection(ExtensibilityGlobals) = postSolution
		SolutionGuid = {47BDEB5B-D40D-4154-810A-F863B10B26AF}
	EndGlobalSection
EndGlobal
